
Microsoft Visual Studio Solution File, Format Version 12.00
# Visual Studio Version 16
VisualStudioVersion = 16.0.31911.196
MinimumVisualStudioVersion = 10.0.40219.1
Project("{9A19103F-16F7-4668-BE54-9A1E7A4F7556}") = "Entities", "Entities\Entities.csproj", "{9C1BFB2C-CD04-4CCC-B3B0-2D7C65F96D5F}"
EndProject
Project("{9A19103F-16F7-4668-BE54-9A1E7A4F7556}") = "DataAccess", "DataAccess\DataAccess.csproj", "{CB8B4CA1-F94B-4D2E-83DC-153DF830C04E}"
EndProject
Project("{9A19103F-16F7-4668-BE54-9A1E7A4F7556}") = "Business", "Business\Business.csproj", "{1A7B7230-8E74-4EC5-9C8B-A329FED8AD7C}"
EndProject
Project("{9A19103F-16F7-4668-BE54-9A1E7A4F7556}") = "WebAPI", "WebAPI\WebAPI.csproj", "{0EEE3532-D44A-4BEA-ABD7-D1D7B1F5E267}"
EndProject
Project("{9A19103F-16F7-4668-BE54-9A1E7A4F7556}") = "WebAPIWithCoreMvc", "WebAPIWithCoreMvc\WebAPIWithCoreMvc.csproj", "{2C9FFE8B-10F2-4836-84E7-447B0FE38A90}"
EndProject
Project("{9A19103F-16F7-4668-BE54-9A1E7A4F7556}") = "WebAPIWithWindowsForm", "WebAPIWithWindowsForm\WebAPIWithWindowsForm.csproj", "{F0DE1A45-EC90-4944-AA95-453A3F45A8E2}"
EndProject
Project("{9A19103F-16F7-4668-BE54-9A1E7A4F7556}") = "Core", "Core\Core.csproj", "{BA623FB4-2EE0-42F0-B706-B1EA4EFA4AB1}"
EndProject
Global
	GlobalSection(SolutionConfigurationPlatforms) = preSolution
		Debug|Any CPU = Debug|Any CPU
		Release|Any CPU = Release|Any CPU
	EndGlobalSection
	GlobalSection(ProjectConfigurationPlatforms) = postSolution
		{9C1BFB2C-CD04-4CCC-B3B0-2D7C65F96D5F}.Debug|Any CPU.ActiveCfg = Debug|Any CPU
		{9C1BFB2C-CD04-4CCC-B3B0-2D7C65F96D5F}.Debug|Any CPU.Build.0 = Debug|Any CPU
		{9C1BFB2C-CD04-4CCC-B3B0-2D7C65F96D5F}.Release|Any CPU.ActiveCfg = Release|Any CPU
		{9C1BFB2C-CD04-4CCC-B3B0-2D7C65F96D5F}.Release|Any CPU.Build.0 = Release|Any CPU
		{CB8B4CA1-F94B-4D2E-83DC-153DF830C04E}.Debug|Any CPU.ActiveCfg = Debug|Any CPU
		{CB8B4CA1-F94B-4D2E-83DC-153DF830C04E}.Debug|Any CPU.Build.0 = Debug|Any CPU
		{CB8B4CA1-F94B-4D2E-83DC-153DF830C04E}.Release|Any CPU.ActiveCfg = Release|Any CPU
		{CB8B4CA1-F94B-4D2E-83DC-153DF830C04E}.Release|Any CPU.Build.0 = Release|Any CPU
		{1A7B7230-8E74-4EC5-9C8B-A329FED8AD7C}.Debug|Any CPU.ActiveCfg = Debug|Any CPU
		{1A7B7230-8E74-4EC5-9C8B-A329FED8AD7C}.Debug|Any CPU.Build.0 = Debug|Any CPU
		{1A7B7230-8E74-4EC5-9C8B-A329FED8AD7C}.Release|Any CPU.ActiveCfg = Release|Any CPU
		{1A7B7230-8E74-4EC5-9C8B-A329FED8AD7C}.Release|Any CPU.Build.0 = Release|Any CPU
		{0EEE3532-D44A-4BEA-ABD7-D1D7B1F5E267}.Debug|Any CPU.ActiveCfg = Debug|Any CPU
		{0EEE3532-D44A-4BEA-ABD7-D1D7B1F5E267}.Debug|Any CPU.Build.0 = Debug|Any CPU
		{0EEE3532-D44A-4BEA-ABD7-D1D7B1F5E267}.Release|Any CPU.ActiveCfg = Release|Any CPU
		{0EEE3532-D44A-4BEA-ABD7-D1D7B1F5E267}.Release|Any CPU.Build.0 = Release|Any CPU
		{2C9FFE8B-10F2-4836-84E7-447B0FE38A90}.Debug|Any CPU.ActiveCfg = Debug|Any CPU
		{2C9FFE8B-10F2-4836-84E7-447B0FE38A90}.Debug|Any CPU.Build.0 = Debug|Any CPU
		{2C9FFE8B-10F2-4836-84E7-447B0FE38A90}.Release|Any CPU.ActiveCfg = Release|Any CPU
		{2C9FFE8B-10F2-4836-84E7-447B0FE38A90}.Release|Any CPU.Build.0 = Release|Any CPU
		{F0DE1A45-EC90-4944-AA95-453A3F45A8E2}.Debug|Any CPU.ActiveCfg = Debug|Any CPU
		{F0DE1A45-EC90-4944-AA95-453A3F45A8E2}.Debug|Any CPU.Build.0 = Debug|Any CPU
		{F0DE1A45-EC90-4944-AA95-453A3F45A8E2}.Release|Any CPU.ActiveCfg = Release|Any CPU
		{F0DE1A45-EC90-4944-AA95-453A3F45A8E2}.Release|Any CPU.Build.0 = Release|Any CPU
		{BA623FB4-2EE0-42F0-B706-B1EA4EFA4AB1}.Debug|Any CPU.ActiveCfg = Debug|Any CPU
		{BA623FB4-2EE0-42F0-B706-B1EA4EFA4AB1}.Debug|Any CPU.Build.0 = Debug|Any CPU
		{BA623FB4-2EE0-42F0-B706-B1EA4EFA4AB1}.Release|Any CPU.ActiveCfg = Release|Any CPU
		{BA623FB4-2EE0-42F0-B706-B1EA4EFA4AB1}.Release|Any CPU.Build.0 = Release|Any CPU
	EndGlobalSection
	GlobalSection(SolutionProperties) = preSolution
		HideSolutionNode = FALSE
	EndGlobalSection
	GlobalSection(ExtensibilityGlobals) = postSolution
		SolutionGuid = {3F9380E1-3B3B-454E-A40F-043E9F767731}
	EndGlobalSection
EndGlobal
